
Microsoft Visual Studio Solution File, Format Version 12.00
# Visual Studio Version 17
VisualStudioVersion = 17.11.35431.28
MinimumVisualStudioVersion = 10.0.40219.1
Project("{9A19103F-16F7-4668-BE54-9A1E7A4F7556}") = "jellyfin-ani-sync", "jellyfin-ani-sync\jellyfin-ani-sync.csproj", "{BA49DF0A-1074-48FD-8FB9-ADFC63EDBED4}"
EndProject
Global
	GlobalSection(SolutionConfigurationPlatforms) = preSolution
		Debug|Any CPU = Debug|Any CPU
		Release|Any CPU = Release|Any CPU
	EndGlobalSection
	GlobalSection(ProjectConfigurationPlatforms) = postSolution
		{BA49DF0A-1074-48FD-8FB9-ADFC63EDBED4}.Debug|Any CPU.ActiveCfg = Debug|Any CPU
		{BA49DF0A-1074-48FD-8FB9-ADFC63EDBED4}.Debug|Any CPU.Build.0 = Debug|Any CPU
		{BA49DF0A-1074-48FD-8FB9-ADFC63EDBED4}.Release|Any CPU.ActiveCfg = Release|Any CPU
		{BA49DF0A-1074-48FD-8FB9-ADFC63EDBED4}.Release|Any CPU.Build.0 = Release|Any CPU
	EndGlobalSection
	GlobalSection(SolutionProperties) = preSolution
		HideSolutionNode = FALSE
	EndGlobalSection
	GlobalSection(ExtensibilityGlobals) = postSolution
		SolutionGuid = {BF9F5DD9-A2E1-43CD-9261-770AB4E59E9D}
	EndGlobalSection
EndGlobal
